// !$*UTF8*$!
{
	archiveVersion = 1;
	classes = {
	};
	objectVersion = 46;
	objects = {

/* Begin PBXBuildFile section */
		3839A80C1EC78249008CB4F8 /* main.swift in Sources */ = {isa = PBXBuildFile; fileRef = 3839A80B1EC78249008CB4F8 /* main.swift */; };
		3839A8131EC861BD008CB4F8 /* KnapsackSolverType.swift in Sources */ = {isa = PBXBuildFile; fileRef = 3839A8121EC861BD008CB4F8 /* KnapsackSolverType.swift */; };
		3839A8151EC8621B008CB4F8 /* KnapsackDynamicSolver.swift in Sources */ = {isa = PBXBuildFile; fileRef = 3839A8141EC8621B008CB4F8 /* KnapsackDynamicSolver.swift */; };
		3839A8171EC86273008CB4F8 /* KnapsackItem.swift in Sources */ = {isa = PBXBuildFile; fileRef = 3839A8161EC86273008CB4F8 /* KnapsackItem.swift */; };
		3839A8191EC86345008CB4F8 /* KnapsackNaiveSolver.swift in Sources */ = {isa = PBXBuildFile; fileRef = 3839A8181EC86345008CB4F8 /* KnapsackNaiveSolver.swift */; };
		3839A81B1EC88A54008CB4F8 /* KnapsackItemProvider.swift in Sources */ = {isa = PBXBuildFile; fileRef = 3839A81A1EC88A54008CB4F8 /* KnapsackItemProvider.swift */; };
/* End PBXBuildFile section */

/* Begin PBXCopyFilesBuildPhase section */
		3839A8061EC78249008CB4F8 /* CopyFiles */ = {
			isa = PBXCopyFilesBuildPhase;
			buildActionMask = 2147483647;
			dstPath = /usr/share/man/man1/;
			dstSubfolderSpec = 0;
			files = (
			);
			runOnlyForDeploymentPostprocessing = 1;
		};
/* End PBXCopyFilesBuildPhase section */

/* Begin PBXFileReference section */
		3839A8081EC78249008CB4F8 /* Knapsack */ = {isa = PBXFileReference; explicitFileType = "compiled.mach-o.executable"; includeInIndex = 0; path = Knapsack; sourceTree = BUILT_PRODUCTS_DIR; };
		3839A80B1EC78249008CB4F8 /* main.swift */ = {isa = PBXFileReference; lastKnownFileType = sourcecode.swift; path = main.swift; sourceTree = "<group>"; };
		3839A8121EC861BD008CB4F8 /* KnapsackSolverType.swift */ = {isa = PBXFileReference; fileEncoding = 4; lastKnownFileType = sourcecode.swift; path = KnapsackSolverType.swift; sourceTree = "<group>"; };
		3839A8141EC8621B008CB4F8 /* KnapsackDynamicSolver.swift */ = {isa = PBXFileReference; fileEncoding = 4; lastKnownFileType = sourcecode.swift; path = KnapsackDynamicSolver.swift; sourceTree = "<group>"; };
		3839A8161EC86273008CB4F8 /* KnapsackItem.swift */ = {isa = PBXFileReference; fileEncoding = 4; lastKnownFileType = sourcecode.swift; path = KnapsackItem.swift; sourceTree = "<group>"; };
		3839A8181EC86345008CB4F8 /* KnapsackNaiveSolver.swift */ = {isa = PBXFileReference; fileEncoding = 4; lastKnownFileType = sourcecode.swift; path = KnapsackNaiveSolver.swift; sourceTree = "<group>"; };
		3839A81A1EC88A54008CB4F8 /* KnapsackItemProvider.swift */ = {isa = PBXFileReference; fileEncoding = 4; lastKnownFileType = sourcecode.swift; path = KnapsackItemProvider.swift; sourceTree = "<group>"; };
/* End PBXFileReference section */

/* Begin PBXFrameworksBuildPhase section */
		3839A8051EC78249008CB4F8 /* Frameworks */ = {
			isa = PBXFrameworksBuildPhase;
			buildActionMask = 2147483647;
			files = (
			);
			runOnlyForDeploymentPostprocessing = 0;
		};
/* End PBXFrameworksBuildPhase section */

/* Begin PBXGroup section */
		3839A7FF1EC78249008CB4F8 = {
			isa = PBXGroup;
			children = (
				3839A80A1EC78249008CB4F8 /* Knapsack */,
				3839A8091EC78249008CB4F8 /* Products */,
			);
			sourceTree = "<group>";
		};
		3839A8091EC78249008CB4F8 /* Products */ = {
			isa = PBXGroup;
			children = (
				3839A8081EC78249008CB4F8 /* Knapsack */,
			);
			name = Products;
			sourceTree = "<group>";
		};
		3839A80A1EC78249008CB4F8 /* Knapsack */ = {
			isa = PBXGroup;
			children = (
				3839A80B1EC78249008CB4F8 /* main.swift */,
				3839A81A1EC88A54008CB4F8 /* KnapsackItemProvider.swift */,
				3839A8161EC86273008CB4F8 /* KnapsackItem.swift */,
				3839A8121EC861BD008CB4F8 /* KnapsackSolverType.swift */,
				3839A8141EC8621B008CB4F8 /* KnapsackDynamicSolver.swift */,
				3839A8181EC86345008CB4F8 /* KnapsackNaiveSolver.swift */,
			);
			path = Knapsack;
			sourceTree = "<group>";
		};
/* End PBXGroup section */

/* Begin PBXNativeTarget section */
		3839A8071EC78249008CB4F8 /* Knapsack */ = {
			isa = PBXNativeTarget;
			buildConfigurationList = 3839A80F1EC78249008CB4F8 /* Build configuration list for PBXNativeTarget "Knapsack" */;
			buildPhases = (
				3839A8041EC78249008CB4F8 /* Sources */,
				3839A8051EC78249008CB4F8 /* Frameworks */,
				3839A8061EC78249008CB4F8 /* CopyFiles */,
			);
			buildRules = (
			);
			dependencies = (
			);
			name = Knapsack;
			productName = Knapsack;
			productReference = 3839A8081EC78249008CB4F8 /* Knapsack */;
			productType = "com.apple.product-type.tool";
		};
/* End PBXNativeTarget section */

/* Begin PBXProject section */
		3839A8001EC78249008CB4F8 /* Project object */ = {
			isa = PBXProject;
			attributes = {
				LastSwiftUpdateCheck = 0820;
				LastUpgradeCheck = 0820;
				ORGANIZATIONNAME = VORM;
				TargetAttributes = {
					3839A8071EC78249008CB4F8 = {
						CreatedOnToolsVersion = 8.2.1;
						DevelopmentTeam = WB824S35DS;
						ProvisioningStyle = Automatic;
					};
				};
			};
			buildConfigurationList = 3839A8031EC78249008CB4F8 /* Build configuration list for PBXProject "Knapsack" */;
			compatibilityVersion = "Xcode 3.2";
			developmentRegion = English;
			hasScannedForEncodings = 0;
			knownRegions = (
				en,
			);
			mainGroup = 3839A7FF1EC78249008CB4F8;
			productRefGroup = 3839A8091EC78249008CB4F8 /* Products */;
			projectDirPath = "";
			projectRoot = "";
			targets = (
				3839A8071EC78249008CB4F8 /* Knapsack */,
			);
		};
/* End PBXProject section */

/* Begin PBXSourcesBuildPhase section */
		3839A8041EC78249008CB4F8 /* Sources */ = {
			isa = PBXSourcesBuildPhase;
			buildActionMask = 2147483647;
			files = (
				3839A8171EC86273008CB4F8 /* KnapsackItem.swift in Sources */,
				3839A8191EC86345008CB4F8 /* KnapsackNaiveSolver.swift in Sources */,
				3839A8131EC861BD008CB4F8 /* KnapsackSolverType.swift in Sources */,
				3839A81B1EC88A54008CB4F8 /* KnapsackItemProvider.swift in Sources */,
				3839A80C1EC78249008CB4F8 /* main.swift in Sources */,
				3839A8151EC8621B008CB4F8 /* KnapsackDynamicSolver.swift in Sources */,
			);
			runOnlyForDeploymentPostprocessing = 0;
		};
/* End PBXSourcesBuildPhase section */

/* Begin XCBuildConfiguration section */
		3839A80D1EC78249008CB4F8 /* Debug */ = {
			isa = XCBuildConfiguration;
			buildSettings = {
				ALWAYS_SEARCH_USER_PATHS = NO;
				CLANG_ANALYZER_NONNULL = YES;
				CLANG_CXX_LANGUAGE_STANDARD = "gnu++0x";
				CLANG_CXX_LIBRARY = "libc++";
				CLANG_ENABLE_MODULES = YES;
				CLANG_ENABLE_OBJC_ARC = YES;
				CLANG_WARN_BOOL_CONVERSION = YES;
				CLANG_WARN_CONSTANT_CONVERSION = YES;
				CLANG_WARN_DIRECT_OBJC_ISA_USAGE = YES_ERROR;
				CLANG_WARN_DOCUMENTATION_COMMENTS = YES;
				CLANG_WARN_EMPTY_BODY = YES;
				CLANG_WARN_ENUM_CONVERSION = YES;
				CLANG_WARN_INFINITE_RECURSION = YES;
				CLANG_WARN_INT_CONVERSION = YES;
				CLANG_WARN_OBJC_ROOT_CLASS = YES_ERROR;
				CLANG_WARN_SUSPICIOUS_MOVE = YES;
				CLANG_WARN_UNREACHABLE_CODE = YES;
				CLANG_WARN__DUPLICATE_METHOD_MATCH = YES;
				CODE_SIGN_IDENTITY = "-";
				COPY_PHASE_STRIP = NO;
				DEBUG_INFORMATION_FORMAT = dwarf;
				ENABLE_STRICT_OBJC_MSGSEND = YES;
				ENABLE_TESTABILITY = YES;
				GCC_C_LANGUAGE_STANDARD = gnu99;
				GCC_DYNAMIC_NO_PIC = NO;
				GCC_NO_COMMON_BLOCKS = YES;
				GCC_OPTIMIZATION_LEVEL = 0;
				GCC_PREPROCESSOR_DEFINITIONS = (
					"DEBUG=1",
					"$(inherited)",
				);
				GCC_WARN_64_TO_32_BIT_CONVERSION = YES;
				GCC_WARN_ABOUT_RETURN_TYPE = YES_ERROR;
				GCC_WARN_UNDECLARED_SELECTOR = YES;
				GCC_WARN_UNINITIALIZED_AUTOS = YES_AGGRESSIVE;
				GCC_WARN_UNUSED_FUNCTION = YES;
				GCC_WARN_UNUSED_VARIABLE = YES;
				MACOSX_DEPLOYMENT_TARGET = 10.12;
				MTL_ENABLE_DEBUG_INFO = YES;
				ONLY_ACTIVE_ARCH = YES;
				SDKROOT = macosx;
				SWIFT_OPTIMIZATION_LEVEL = "-Onone";
			};
			name = Debug;
		};
		3839A80E1EC78249008CB4F8 /* Release */ = {
			isa = XCBuildConfiguration;
			buildSettings = {
				ALWAYS_SEARCH_USER_PATHS = NO;
				CLANG_ANALYZER_NONNULL = YES;
				CLANG_CXX_LANGUAGE_STANDARD = "gnu++0x";
				CLANG_CXX_LIBRARY = "libc++";
				CLANG_ENABLE_MODULES = YES;
				CLANG_ENABLE_OBJC_ARC = YES;
				CLANG_WARN_BOOL_CONVERSION = YES;
				CLANG_WARN_CONSTANT_CONVERSION = YES;
				CLANG_WARN_DIRECT_OBJC_ISA_USAGE = YES_ERROR;
				CLANG_WARN_DOCUMENTATION_COMMENTS = YES;
				CLANG_WARN_EMPTY_BODY = YES;
				CLANG_WARN_ENUM_CONVERSION = YES;
				CLANG_WARN_INFINITE_RECURSION = YES;
				CLANG_WARN_INT_CONVERSION = YES;
				CLANG_WARN_OBJC_ROOT_CLASS = YES_ERROR;
				CLANG_WARN_SUSPICIOUS_MOVE = YES;
				CLANG_WARN_UNREACHABLE_CODE = YES;
				CLANG_WARN__DUPLICATE_METHOD_MATCH = YES;
				CODE_SIGN_IDENTITY = "-";
				COPY_PHASE_STRIP = NO;
				DEBUG_INFORMATION_FORMAT = "dwarf-with-dsym";
				ENABLE_NS_ASSERTIONS = NO;
				ENABLE_STRICT_OBJC_MSGSEND = YES;
				GCC_C_LANGUAGE_STANDARD = gnu99;
				GCC_NO_COMMON_BLOCKS = YES;
				GCC_WARN_64_TO_32_BIT_CONVERSION = YES;
				GCC_WARN_ABOUT_RETURN_TYPE = YES_ERROR;
				GCC_WARN_UNDECLARED_SELECTOR = YES;
				GCC_WARN_UNINITIALIZED_AUTOS = YES_AGGRESSIVE;
				GCC_WARN_UNUSED_FUNCTION = YES;
				GCC_WARN_UNUSED_VARIABLE = YES;
				MACOSX_DEPLOYMENT_TARGET = 10.12;
				MTL_ENABLE_DEBUG_INFO = NO;
				SDKROOT = macosx;
			};
			name = Release;
		};
		3839A8101EC78249008CB4F8 /* Debug */ = {
			isa = XCBuildConfiguration;
			buildSettings = {
				DEVELOPMENT_TEAM = WB824S35DS;
				PRODUCT_NAME = "$(TARGET_NAME)";
				SWIFT_VERSION = 3.0;
			};
			name = Debug;
		};
		3839A8111EC78249008CB4F8 /* Release */ = {
			isa = XCBuildConfiguration;
			buildSettings = {
				DEVELOPMENT_TEAM = WB824S35DS;
				PRODUCT_NAME = "$(TARGET_NAME)";
				SWIFT_VERSION = 3.0;
			};
			name = Release;
		};
/* End XCBuildConfiguration section */

/* Begin XCConfigurationList section */
		3839A8031EC78249008CB4F8 /* Build configuration list for PBXProject "Knapsack" */ = {
			isa = XCConfigurationList;
			buildConfigurations = (
				3839A80D1EC78249008CB4F8 /* Debug */,
				3839A80E1EC78249008CB4F8 /* Release */,
			);
			defaultConfigurationIsVisible = 0;
			defaultConfigurationName = Release;
		};
		3839A80F1EC78249008CB4F8 /* Build configuration list for PBXNativeTarget "Knapsack" */ = {
			isa = XCConfigurationList;
			buildConfigurations = (
				3839A8101EC78249008CB4F8 /* Debug */,
				3839A8111EC78249008CB4F8 /* Release */,
			);
			defaultConfigurationIsVisible = 0;
			defaultConfigurationName = Release;
		};
/* End XCConfigurationList section */
	};
	rootObject = 3839A8001EC78249008CB4F8 /* Project object */;
}
